
Microsoft Visual Studio Solution File, Format Version 12.00
# Visual Studio Version 16
VisualStudioVersion = 16.0.31729.503
MinimumVisualStudioVersion = 10.0.40219.1
Project("{FAE04EC0-301F-11D3-BF4B-00C04F79EFBC}") = "BugCars", "BugCars.csproj", "{BEC03E52-B766-42B3-B663-0EF4676E41CC}"
EndProject
Global
	GlobalSection(SolutionConfigurationPlatforms) = preSolution
		Debug|Any CPU = Debug|Any CPU
		Release|Any CPU = Release|Any CPU
	EndGlobalSection
	GlobalSection(ProjectConfigurationPlatforms) = postSolution
		{BEC03E52-B766-42B3-B663-0EF4676E41CC}.Debug|Any CPU.ActiveCfg = Debug|Any CPU
		{BEC03E52-B766-42B3-B663-0EF4676E41CC}.Debug|Any CPU.Build.0 = Debug|Any CPU
		{BEC03E52-B766-42B3-B663-0EF4676E41CC}.Release|Any CPU.ActiveCfg = Release|Any CPU
		{BEC03E52-B766-42B3-B663-0EF4676E41CC}.Release|Any CPU.Build.0 = Release|Any CPU
	EndGlobalSection
	GlobalSection(SolutionProperties) = preSolution
		HideSolutionNode = FALSE
	EndGlobalSection
	GlobalSection(ExtensibilityGlobals) = postSolution
		SolutionGuid = {7CE906EB-ED34-44B9-A278-08FF24DB674A}
	EndGlobalSection
EndGlobal
